// !$*UTF8*$!
{
	archiveVersion = 1;
	classes = {
	};
	objectVersion = 46;
	objects = {

/* Begin PBXBuildFile section */
		3DC93AAF1EF68A0500625D80 /* AppDelegate.swift in Sources */ = {isa = PBXBuildFile; fileRef = 3DC93AAE1EF68A0500625D80 /* AppDelegate.swift */; };
		3DC93AB11EF68A0500625D80 /* ViewController.swift in Sources */ = {isa = PBXBuildFile; fileRef = 3DC93AB01EF68A0500625D80 /* ViewController.swift */; };
		3DC93AB41EF68A0500625D80 /* Main.storyboard in Resources */ = {isa = PBXBuildFile; fileRef = 3DC93AB21EF68A0500625D80 /* Main.storyboard */; };
		3DC93AB61EF68A0500625D80 /* Assets.xcassets in Resources */ = {isa = PBXBuildFile; fileRef = 3DC93AB51EF68A0500625D80 /* Assets.xcassets */; };
		3DC93AB91EF68A0500625D80 /* LaunchScreen.storyboard in Resources */ = {isa = PBXBuildFile; fileRef = 3DC93AB71EF68A0500625D80 /* LaunchScreen.storyboard */; };
		3DCF5D171EF68E5300AA9E28 /* harris01.jpg in Resources */ = {isa = PBXBuildFile; fileRef = 3DCF5D0B1EF68E5300AA9E28 /* harris01.jpg */; };
		3DCF5D181EF68E5300AA9E28 /* harris02.jpg in Resources */ = {isa = PBXBuildFile; fileRef = 3DCF5D0C1EF68E5300AA9E28 /* harris02.jpg */; };
		3DCF5D191EF68E5300AA9E28 /* harris03.jpg in Resources */ = {isa = PBXBuildFile; fileRef = 3DCF5D0D1EF68E5300AA9E28 /* harris03.jpg */; };
		3DCF5D1A1EF68E5300AA9E28 /* harris04.jpg in Resources */ = {isa = PBXBuildFile; fileRef = 3DCF5D0E1EF68E5300AA9E28 /* harris04.jpg */; };
		3DCF5D1B1EF68E5300AA9E28 /* harris05.jpg in Resources */ = {isa = PBXBuildFile; fileRef = 3DCF5D0F1EF68E5300AA9E28 /* harris05.jpg */; };
		3DCF5D1C1EF68E5300AA9E28 /* harris06.jpg in Resources */ = {isa = PBXBuildFile; fileRef = 3DCF5D101EF68E5300AA9E28 /* harris06.jpg */; };
		3DCF5D1D1EF68E5300AA9E28 /* harris07.jpg in Resources */ = {isa = PBXBuildFile; fileRef = 3DCF5D111EF68E5300AA9E28 /* harris07.jpg */; };
		3DCF5D1E1EF68E5300AA9E28 /* harris08.jpg in Resources */ = {isa = PBXBuildFile; fileRef = 3DCF5D121EF68E5300AA9E28 /* harris08.jpg */; };
		3DCF5D1F1EF68E5300AA9E28 /* harris09.jpg in Resources */ = {isa = PBXBuildFile; fileRef = 3DCF5D131EF68E5300AA9E28 /* harris09.jpg */; };
		3DCF5D201EF68E5300AA9E28 /* harris10.jpg in Resources */ = {isa = PBXBuildFile; fileRef = 3DCF5D141EF68E5300AA9E28 /* harris10.jpg */; };
		3DCF5D211EF68E5300AA9E28 /* harris11.jpg in Resources */ = {isa = PBXBuildFile; fileRef = 3DCF5D151EF68E5300AA9E28 /* harris11.jpg */; };
		3DCF5D221EF68E5300AA9E28 /* william1.jpg in Resources */ = {isa = PBXBuildFile; fileRef = 3DCF5D161EF68E5300AA9E28 /* william1.jpg */; };
/* End PBXBuildFile section */

/* Begin PBXFileReference section */
		3DC93AAB1EF68A0500625D80 /* Harris Viewer.app */ = {isa = PBXFileReference; explicitFileType = wrapper.application; includeInIndex = 0; path = "Harris Viewer.app"; sourceTree = BUILT_PRODUCTS_DIR; };
		3DC93AAE1EF68A0500625D80 /* AppDelegate.swift */ = {isa = PBXFileReference; lastKnownFileType = sourcecode.swift; path = AppDelegate.swift; sourceTree = "<group>"; };
		3DC93AB01EF68A0500625D80 /* ViewController.swift */ = {isa = PBXFileReference; lastKnownFileType = sourcecode.swift; path = ViewController.swift; sourceTree = "<group>"; };
		3DC93AB31EF68A0500625D80 /* Base */ = {isa = PBXFileReference; lastKnownFileType = file.storyboard; name = Base; path = Base.lproj/Main.storyboard; sourceTree = "<group>"; };
		3DC93AB51EF68A0500625D80 /* Assets.xcassets */ = {isa = PBXFileReference; lastKnownFileType = folder.assetcatalog; path = Assets.xcassets; sourceTree = "<group>"; };
		3DC93AB81EF68A0500625D80 /* Base */ = {isa = PBXFileReference; lastKnownFileType = file.storyboard; name = Base; path = Base.lproj/LaunchScreen.storyboard; sourceTree = "<group>"; };
		3DC93ABA1EF68A0500625D80 /* Info.plist */ = {isa = PBXFileReference; lastKnownFileType = text.plist.xml; path = Info.plist; sourceTree = "<group>"; };
		3DCF5D0B1EF68E5300AA9E28 /* harris01.jpg */ = {isa = PBXFileReference; lastKnownFileType = image.jpeg; path = harris01.jpg; sourceTree = "<group>"; };
		3DCF5D0C1EF68E5300AA9E28 /* harris02.jpg */ = {isa = PBXFileReference; lastKnownFileType = image.jpeg; path = harris02.jpg; sourceTree = "<group>"; };
		3DCF5D0D1EF68E5300AA9E28 /* harris03.jpg */ = {isa = PBXFileReference; lastKnownFileType = image.jpeg; path = harris03.jpg; sourceTree = "<group>"; };
		3DCF5D0E1EF68E5300AA9E28 /* harris04.jpg */ = {isa = PBXFileReference; lastKnownFileType = image.jpeg; path = harris04.jpg; sourceTree = "<group>"; };
		3DCF5D0F1EF68E5300AA9E28 /* harris05.jpg */ = {isa = PBXFileReference; lastKnownFileType = image.jpeg; path = harris05.jpg; sourceTree = "<group>"; };
		3DCF5D101EF68E5300AA9E28 /* harris06.jpg */ = {isa = PBXFileReference; lastKnownFileType = image.jpeg; path = harris06.jpg; sourceTree = "<group>"; };
		3DCF5D111EF68E5300AA9E28 /* harris07.jpg */ = {isa = PBXFileReference; lastKnownFileType = image.jpeg; path = harris07.jpg; sourceTree = "<group>"; };
		3DCF5D121EF68E5300AA9E28 /* harris08.jpg */ = {isa = PBXFileReference; lastKnownFileType = image.jpeg; path = harris08.jpg; sourceTree = "<group>"; };
		3DCF5D131EF68E5300AA9E28 /* harris09.jpg */ = {isa = PBXFileReference; lastKnownFileType = image.jpeg; path = harris09.jpg; sourceTree = "<group>"; };
		3DCF5D141EF68E5300AA9E28 /* harris10.jpg */ = {isa = PBXFileReference; lastKnownFileType = image.jpeg; path = harris10.jpg; sourceTree = "<group>"; };
		3DCF5D151EF68E5300AA9E28 /* harris11.jpg */ = {isa = PBXFileReference; lastKnownFileType = image.jpeg; path = harris11.jpg; sourceTree = "<group>"; };
		3DCF5D161EF68E5300AA9E28 /* william1.jpg */ = {isa = PBXFileReference; lastKnownFileType = image.jpeg; path = william1.jpg; sourceTree = "<group>"; };
/* End PBXFileReference section */

/* Begin PBXFrameworksBuildPhase section */
		3DC93AA81EF68A0500625D80 /* Frameworks */ = {
			isa = PBXFrameworksBuildPhase;
			buildActionMask = 2147483647;
			files = (
			);
			runOnlyForDeploymentPostprocessing = 0;
		};
/* End PBXFrameworksBuildPhase section */

/* Begin PBXGroup section */
		3DC93AA21EF68A0500625D80 = {
			isa = PBXGroup;
			children = (
				3DC93AAD1EF68A0500625D80 /* Harris Viewer */,
				3DC93AAC1EF68A0500625D80 /* Products */,
			);
			sourceTree = "<group>";
		};
		3DC93AAC1EF68A0500625D80 /* Products */ = {
			isa = PBXGroup;
			children = (
				3DC93AAB1EF68A0500625D80 /* Harris Viewer.app */,
			);
			name = Products;
			sourceTree = "<group>";
		};
		3DC93AAD1EF68A0500625D80 /* Harris Viewer */ = {
			isa = PBXGroup;
			children = (
				3DC93AAE1EF68A0500625D80 /* AppDelegate.swift */,
				3DC93AB01EF68A0500625D80 /* ViewController.swift */,
				3DC93AB21EF68A0500625D80 /* Main.storyboard */,
				3DC93AB51EF68A0500625D80 /* Assets.xcassets */,
				3DC93AB71EF68A0500625D80 /* LaunchScreen.storyboard */,
				3DC93ABA1EF68A0500625D80 /* Info.plist */,
				3DCF5D0A1EF68E5300AA9E28 /* pictures */,
			);
			path = "Harris Viewer";
			sourceTree = "<group>";
		};
		3DCF5D0A1EF68E5300AA9E28 /* pictures */ = {
			isa = PBXGroup;
			children = (
				3DCF5D0B1EF68E5300AA9E28 /* harris01.jpg */,
				3DCF5D0C1EF68E5300AA9E28 /* harris02.jpg */,
				3DCF5D0D1EF68E5300AA9E28 /* harris03.jpg */,
				3DCF5D0E1EF68E5300AA9E28 /* harris04.jpg */,
				3DCF5D0F1EF68E5300AA9E28 /* harris05.jpg */,
				3DCF5D101EF68E5300AA9E28 /* harris06.jpg */,
				3DCF5D111EF68E5300AA9E28 /* harris07.jpg */,
				3DCF5D121EF68E5300AA9E28 /* harris08.jpg */,
				3DCF5D131EF68E5300AA9E28 /* harris09.jpg */,
				3DCF5D141EF68E5300AA9E28 /* harris10.jpg */,
				3DCF5D151EF68E5300AA9E28 /* harris11.jpg */,
				3DCF5D161EF68E5300AA9E28 /* william1.jpg */,
			);
			path = pictures;
			sourceTree = "<group>";
		};
/* End PBXGroup section */

/* Begin PBXNativeTarget section */
		3DC93AAA1EF68A0500625D80 /* Harris Viewer */ = {
			isa = PBXNativeTarget;
			buildConfigurationList = 3DC93ABD1EF68A0500625D80 /* Build configuration list for PBXNativeTarget "Harris Viewer" */;
			buildPhases = (
				3DC93AA71EF68A0500625D80 /* Sources */,
				3DC93AA81EF68A0500625D80 /* Frameworks */,
				3DC93AA91EF68A0500625D80 /* Resources */,
			);
			buildRules = (
			);
			dependencies = (
			);
			name = "Harris Viewer";
			productName = "Harris Viewer";
			productReference = 3DC93AAB1EF68A0500625D80 /* Harris Viewer.app */;
			productType = "com.apple.product-type.application";
		};
/* End PBXNativeTarget section */

/* Begin PBXProject section */
		3DC93AA31EF68A0500625D80 /* Project object */ = {
			isa = PBXProject;
			attributes = {
				LastSwiftUpdateCheck = 0800;
				LastUpgradeCheck = 0800;
				ORGANIZATIONNAME = "Will Works Inc.";
				TargetAttributes = {
					3DC93AAA1EF68A0500625D80 = {
						CreatedOnToolsVersion = 8.0;
						ProvisioningStyle = Automatic;
					};
				};
			};
			buildConfigurationList = 3DC93AA61EF68A0500625D80 /* Build configuration list for PBXProject "Harris Viewer" */;
			compatibilityVersion = "Xcode 3.2";
			developmentRegion = English;
			hasScannedForEncodings = 0;
			knownRegions = (
				en,
				Base,
			);
			mainGroup = 3DC93AA21EF68A0500625D80;
			productRefGroup = 3DC93AAC1EF68A0500625D80 /* Products */;
			projectDirPath = "";
			projectRoot = "";
			targets = (
				3DC93AAA1EF68A0500625D80 /* Harris Viewer */,
			);
		};
/* End PBXProject section */

/* Begin PBXResourcesBuildPhase section */
		3DC93AA91EF68A0500625D80 /* Resources */ = {
			isa = PBXResourcesBuildPhase;
			buildActionMask = 2147483647;
			files = (
				3DC93AB91EF68A0500625D80 /* LaunchScreen.storyboard in Resources */,
				3DCF5D1B1EF68E5300AA9E28 /* harris05.jpg in Resources */,
				3DCF5D211EF68E5300AA9E28 /* harris11.jpg in Resources */,
				3DCF5D171EF68E5300AA9E28 /* harris01.jpg in Resources */,
				3DCF5D1E1EF68E5300AA9E28 /* harris08.jpg in Resources */,
				3DCF5D201EF68E5300AA9E28 /* harris10.jpg in Resources */,
				3DCF5D1D1EF68E5300AA9E28 /* harris07.jpg in Resources */,
				3DCF5D1F1EF68E5300AA9E28 /* harris09.jpg in Resources */,
				3DC93AB61EF68A0500625D80 /* Assets.xcassets in Resources */,
				3DCF5D1A1EF68E5300AA9E28 /* harris04.jpg in Resources */,
				3DCF5D221EF68E5300AA9E28 /* william1.jpg in Resources */,
				3DCF5D181EF68E5300AA9E28 /* harris02.jpg in Resources */,
				3DC93AB41EF68A0500625D80 /* Main.storyboard in Resources */,
				3DCF5D191EF68E5300AA9E28 /* harris03.jpg in Resources */,
				3DCF5D1C1EF68E5300AA9E28 /* harris06.jpg in Resources */,
			);
			runOnlyForDeploymentPostprocessing = 0;
		};
/* End PBXResourcesBuildPhase section */

/* Begin PBXSourcesBuildPhase section */
		3DC93AA71EF68A0500625D80 /* Sources */ = {
			isa = PBXSourcesBuildPhase;
			buildActionMask = 2147483647;
			files = (
				3DC93AB11EF68A0500625D80 /* ViewController.swift in Sources */,
				3DC93AAF1EF68A0500625D80 /* AppDelegate.swift in Sources */,
			);
			runOnlyForDeploymentPostprocessing = 0;
		};
/* End PBXSourcesBuildPhase section */

/* Begin PBXVariantGroup section */
		3DC93AB21EF68A0500625D80 /* Main.storyboard */ = {
			isa = PBXVariantGroup;
			children = (
				3DC93AB31EF68A0500625D80 /* Base */,
			);
			name = Main.storyboard;
			sourceTree = "<group>";
		};
		3DC93AB71EF68A0500625D80 /* LaunchScreen.storyboard */ = {
			isa = PBXVariantGroup;
			children = (
				3DC93AB81EF68A0500625D80 /* Base */,
			);
			name = LaunchScreen.storyboard;
			sourceTree = "<group>";
		};
/* End PBXVariantGroup section */

/* Begin XCBuildConfiguration section */
		3DC93ABB1EF68A0500625D80 /* Debug */ = {
			isa = XCBuildConfiguration;
			buildSettings = {
				ALWAYS_SEARCH_USER_PATHS = NO;
				CLANG_ANALYZER_NONNULL = YES;
				CLANG_CXX_LANGUAGE_STANDARD = "gnu++0x";
				CLANG_CXX_LIBRARY = "libc++";
				CLANG_ENABLE_MODULES = YES;
				CLANG_ENABLE_OBJC_ARC = YES;
				CLANG_WARN_BOOL_CONVERSION = YES;
				CLANG_WARN_CONSTANT_CONVERSION = YES;
				CLANG_WARN_DIRECT_OBJC_ISA_USAGE = YES_ERROR;
				CLANG_WARN_DOCUMENTATION_COMMENTS = YES;
				CLANG_WARN_EMPTY_BODY = YES;
				CLANG_WARN_ENUM_CONVERSION = YES;
				CLANG_WARN_INFINITE_RECURSION = YES;
				CLANG_WARN_INT_CONVERSION = YES;
				CLANG_WARN_OBJC_ROOT_CLASS = YES_ERROR;
				CLANG_WARN_SUSPICIOUS_MOVES = YES;
				CLANG_WARN_UNREACHABLE_CODE = YES;
				CLANG_WARN__DUPLICATE_METHOD_MATCH = YES;
				"CODE_SIGN_IDENTITY[sdk=iphoneos*]" = "iPhone Developer";
				COPY_PHASE_STRIP = NO;
				DEBUG_INFORMATION_FORMAT = dwarf;
				ENABLE_STRICT_OBJC_MSGSEND = YES;
				ENABLE_TESTABILITY = YES;
				GCC_C_LANGUAGE_STANDARD = gnu99;
				GCC_DYNAMIC_NO_PIC = NO;
				GCC_NO_COMMON_BLOCKS = YES;
				GCC_OPTIMIZATION_LEVEL = 0;
				GCC_PREPROCESSOR_DEFINITIONS = (
					"DEBUG=1",
					"$(inherited)",
				);
				GCC_WARN_64_TO_32_BIT_CONVERSION = YES;
				GCC_WARN_ABOUT_RETURN_TYPE = YES_ERROR;
				GCC_WARN_UNDECLARED_SELECTOR = YES;
				GCC_WARN_UNINITIALIZED_AUTOS = YES_AGGRESSIVE;
				GCC_WARN_UNUSED_FUNCTION = YES;
				GCC_WARN_UNUSED_VARIABLE = YES;
				IPHONEOS_DEPLOYMENT_TARGET = 10.0;
				MTL_ENABLE_DEBUG_INFO = YES;
				ONLY_ACTIVE_ARCH = YES;
				SDKROOT = iphoneos;
				SWIFT_ACTIVE_COMPILATION_CONDITIONS = DEBUG;
				SWIFT_OPTIMIZATION_LEVEL = "-Onone";
				TARGETED_DEVICE_FAMILY = "1,2";
			};
			name = Debug;
		};
		3DC93ABC1EF68A0500625D80 /* Release */ = {
			isa = XCBuildConfiguration;
			buildSettings = {
				ALWAYS_SEARCH_USER_PATHS = NO;
				CLANG_ANALYZER_NONNULL = YES;
				CLANG_CXX_LANGUAGE_STANDARD = "gnu++0x";
				CLANG_CXX_LIBRARY = "libc++";
				CLANG_ENABLE_MODULES = YES;
				CLANG_ENABLE_OBJC_ARC = YES;
				CLANG_WARN_BOOL_CONVERSION = YES;
				CLANG_WARN_CONSTANT_CONVERSION = YES;
				CLANG_WARN_DIRECT_OBJC_ISA_USAGE = YES_ERROR;
				CLANG_WARN_DOCUMENTATION_COMMENTS = YES;
				CLANG_WARN_EMPTY_BODY = YES;
				CLANG_WARN_ENUM_CONVERSION = YES;
				CLANG_WARN_INFINITE_RECURSION = YES;
				CLANG_WARN_INT_CONVERSION = YES;
				CLANG_WARN_OBJC_ROOT_CLASS = YES_ERROR;
				CLANG_WARN_SUSPICIOUS_MOVES = YES;
				CLANG_WARN_UNREACHABLE_CODE = YES;
				CLANG_WARN__DUPLICATE_METHOD_MATCH = YES;
				"CODE_SIGN_IDENTITY[sdk=iphoneos*]" = "iPhone Developer";
				COPY_PHASE_STRIP = NO;
				DEBUG_INFORMATION_FORMAT = "dwarf-with-dsym";
				ENABLE_NS_ASSERTIONS = NO;
				ENABLE_STRICT_OBJC_MSGSEND = YES;
				GCC_C_LANGUAGE_STANDARD = gnu99;
				GCC_NO_COMMON_BLOCKS = YES;
				GCC_WARN_64_TO_32_BIT_CONVERSION = YES;
				GCC_WARN_ABOUT_RETURN_TYPE = YES_ERROR;
				GCC_WARN_UNDECLARED_SELECTOR = YES;
				GCC_WARN_UNINITIALIZED_AUTOS = YES_AGGRESSIVE;
				GCC_WARN_UNUSED_FUNCTION = YES;
				GCC_WARN_UNUSED_VARIABLE = YES;
				IPHONEOS_DEPLOYMENT_TARGET = 10.0;
				MTL_ENABLE_DEBUG_INFO = NO;
				SDKROOT = iphoneos;
				SWIFT_OPTIMIZATION_LEVEL = "-Owholemodule";
				TARGETED_DEVICE_FAMILY = "1,2";
				VALIDATE_PRODUCT = YES;
			};
			name = Release;
		};
		3DC93ABE1EF68A0500625D80 /* Debug */ = {
			isa = XCBuildConfiguration;
			buildSettings = {
				ASSETCATALOG_COMPILER_APPICON_NAME = AppIcon;
				INFOPLIST_FILE = "Harris Viewer/Info.plist";
				LD_RUNPATH_SEARCH_PATHS = "$(inherited) @executable_path/Frameworks";
				PRODUCT_BUNDLE_IDENTIFIER = "com.willworks.Harris-Viewer";
				PRODUCT_NAME = "$(TARGET_NAME)";
				SWIFT_VERSION = 3.0;
			};
			name = Debug;
		};
		3DC93ABF1EF68A0500625D80 /* Release */ = {
			isa = XCBuildConfiguration;
			buildSettings = {
				ASSETCATALOG_COMPILER_APPICON_NAME = AppIcon;
				INFOPLIST_FILE = "Harris Viewer/Info.plist";
				LD_RUNPATH_SEARCH_PATHS = "$(inherited) @executable_path/Frameworks";
				PRODUCT_BUNDLE_IDENTIFIER = "com.willworks.Harris-Viewer";
				PRODUCT_NAME = "$(TARGET_NAME)";
				SWIFT_VERSION = 3.0;
			};
			name = Release;
		};
/* End XCBuildConfiguration section */

/* Begin XCConfigurationList section */
		3DC93AA61EF68A0500625D80 /* Build configuration list for PBXProject "Harris Viewer" */ = {
			isa = XCConfigurationList;
			buildConfigurations = (
				3DC93ABB1EF68A0500625D80 /* Debug */,
				3DC93ABC1EF68A0500625D80 /* Release */,
			);
			defaultConfigurationIsVisible = 0;
			defaultConfigurationName = Release;
		};
		3DC93ABD1EF68A0500625D80 /* Build configuration list for PBXNativeTarget "Harris Viewer" */ = {
			isa = XCConfigurationList;
			buildConfigurations = (
				3DC93ABE1EF68A0500625D80 /* Debug */,
				3DC93ABF1EF68A0500625D80 /* Release */,
			);
			defaultConfigurationIsVisible = 0;
			defaultConfigurationName = Release;
		};
/* End XCConfigurationList section */
	};
	rootObject = 3DC93AA31EF68A0500625D80 /* Project object */;
}
